PODS:
  - CocoaLumberjack (3.0.0):
    - CocoaLumberjack/Default (= 3.0.0)
    - CocoaLumberjack/Extensions (= 3.0.0)
  - CocoaLumberjack/Default (3.0.0)
  - CocoaLumberjack/Extensions (3.0.0):
    - CocoaLumberjack/Default
  - DLNCore (0.3.5)
  - JSONModel (1.7.0)

DEPENDENCIES:
  - CocoaLumberjack (from `https://github.com/CocoaLumberjack/CocoaLumberjack.git`)
  - DLNCore (from `../DLNCore`)
  - JSONModel

EXTERNAL SOURCES:
  CocoaLumberjack:
    :git: https://github.com/CocoaLumberjack/CocoaLumberjack.git
  DLNCore:
    :path: ../DLNCore

CHECKOUT OPTIONS:
  CocoaLumberjack:
    :commit: a0c1837467e3ec0785ee9f5bc7c56a1a1b25ea2a
    :git: https://github.com/CocoaLumberjack/CocoaLumberjack.git

SPEC CHECKSUMS:
  CocoaLumberjack: 0d0a04bbec1e5d9c58d311750e42c85fc51a84ef
  DLNCore: 2f1a9e5b54dd4fda9ae6730f93d737f5de51abef
  JSONModel: 840bc0fcffb24b8454d2c026bf26fea454b8e98d

PODFILE CHECKSUM: eb0800030525fee78644040bfceac7d35837efc8

COCOAPODS: 1.1.1
